// !$*UTF8*$!
{
	archiveVersion = 1;
	classes = {
	};
	objectVersion = 47;
	objects = {

/* Begin PBXBuildFile section */
		0BBB00F71CFF980000FC87C4 /* Verifiable.swift in Sources */ = {isa = PBXBuildFile; fileRef = 0BBB00F61CFF980000FC87C4 /* Verifiable.swift */; };
		0BBB010F1CFFD05C00FC87C4 /* Emailer.swift in Sources */ = {isa = PBXBuildFile; fileRef = 0BBB010E1CFFD05C00FC87C4 /* Emailer.swift */; };
		0BBB01111CFFD0D700FC87C4 /* Contact.swift in Sources */ = {isa = PBXBuildFile; fileRef = 0BBB01101CFFD0D700FC87C4 /* Contact.swift */; };
		0BBB01141CFFD24100FC87C4 /* WidgetStore.swift in Sources */ = {isa = PBXBuildFile; fileRef = 0BBB01131CFFD24100FC87C4 /* WidgetStore.swift */; };
		0BBBEE3F1CFEFBC100C11EEB /* CallVerifierTests.swift in Sources */ = {isa = PBXBuildFile; fileRef = 0BBBEE3E1CFEFBC100C11EEB /* CallVerifierTests.swift */; };
		0BBBEE461CFEFBDC00C11EEB /* CallVerifier.swift in Sources */ = {isa = PBXBuildFile; fileRef = 0BBBEE431CFEFBDC00C11EEB /* CallVerifier.swift */; };
		0BBBEE481CFEFCAC00C11EEB /* main.swift in Sources */ = {isa = PBXBuildFile; fileRef = 0BBBEE471CFEFCAC00C11EEB /* main.swift */; };
		0BBBEE491CFF013A00C11EEB /* main.swift in Sources */ = {isa = PBXBuildFile; fileRef = 0BBBEE471CFEFCAC00C11EEB /* main.swift */; };
		0BBBEE4C1CFF013A00C11EEB /* CallVerifier.swift in Sources */ = {isa = PBXBuildFile; fileRef = 0BBBEE431CFEFBDC00C11EEB /* CallVerifier.swift */; };
/* End PBXBuildFile section */

/* Begin PBXCopyFilesBuildPhase section */
		0B6B721D1CFDAF7A00B36635 /* CopyFiles */ = {
			isa = PBXCopyFilesBuildPhase;
			buildActionMask = 2147483647;
			dstPath = /usr/share/man/man1/;
			dstSubfolderSpec = 0;
			files = (
			);
			runOnlyForDeploymentPostprocessing = 1;
		};
/* End PBXCopyFilesBuildPhase section */

/* Begin PBXFileReference section */
		0BBB00F41CFF957200FC87C4 /* SwiftMockGen */ = {isa = PBXFileReference; explicitFileType = "compiled.mach-o.executable"; includeInIndex = 0; path = SwiftMockGen; sourceTree = BUILT_PRODUCTS_DIR; };
		0BBB00F51CFF957200FC87C4 /* SwiftMockGenTests.xctest */ = {isa = PBXFileReference; explicitFileType = wrapper.cfbundle; includeInIndex = 0; path = SwiftMockGenTests.xctest; sourceTree = BUILT_PRODUCTS_DIR; };
		0BBB00F61CFF980000FC87C4 /* Verifiable.swift */ = {isa = PBXFileReference; fileEncoding = 4; lastKnownFileType = sourcecode.swift; path = Verifiable.swift; sourceTree = "<group>"; };
		0BBB010E1CFFD05C00FC87C4 /* Emailer.swift */ = {isa = PBXFileReference; fileEncoding = 4; lastKnownFileType = sourcecode.swift; name = Emailer.swift; path = MockSamples/Emailer.swift; sourceTree = "<group>"; };
		0BBB01101CFFD0D700FC87C4 /* Contact.swift */ = {isa = PBXFileReference; fileEncoding = 4; lastKnownFileType = sourcecode.swift; path = Contact.swift; sourceTree = "<group>"; };
		0BBB01131CFFD24100FC87C4 /* WidgetStore.swift */ = {isa = PBXFileReference; fileEncoding = 4; lastKnownFileType = sourcecode.swift; name = WidgetStore.swift; path = MockSamples/WidgetStore.swift; sourceTree = "<group>"; };
		0BBBEE361CFEFADC00C11EEB /* Info.plist */ = {isa = PBXFileReference; lastKnownFileType = text.plist.xml; path = Info.plist; sourceTree = "<group>"; };
		0BBBEE3E1CFEFBC100C11EEB /* CallVerifierTests.swift */ = {isa = PBXFileReference; fileEncoding = 4; lastKnownFileType = sourcecode.swift; lineEnding = 0; path = CallVerifierTests.swift; sourceTree = "<group>"; xcLanguageSpecificationIdentifier = xcode.lang.swift; };
		0BBBEE431CFEFBDC00C11EEB /* CallVerifier.swift */ = {isa = PBXFileReference; fileEncoding = 4; lastKnownFileType = sourcecode.swift; lineEnding = 0; path = CallVerifier.swift; sourceTree = "<group>"; xcLanguageSpecificationIdentifier = xcode.lang.swift; };
		0BBBEE471CFEFCAC00C11EEB /* main.swift */ = {isa = PBXFileReference; fileEncoding = 4; lastKnownFileType = sourcecode.swift; path = main.swift; sourceTree = "<group>"; };
/* End PBXFileReference section */

/* Begin PBXFrameworksBuildPhase section */
		0B6B721C1CFDAF7A00B36635 /* Frameworks */ = {
			isa = PBXFrameworksBuildPhase;
			buildActionMask = 2147483647;
			files = (
			);
			runOnlyForDeploymentPostprocessing = 0;
		};
		0BBBEE2F1CFEFADC00C11EEB /* Frameworks */ = {
			isa = PBXFrameworksBuildPhase;
			buildActionMask = 2147483647;
			files = (
			);
			runOnlyForDeploymentPostprocessing = 0;
		};
/* End PBXFrameworksBuildPhase section */

/* Begin PBXGroup section */
		0B6B72161CFDAF7A00B36635 = {
			isa = PBXGroup;
			children = (
				0B6B72211CFDAF7A00B36635 /* SwiftMockGen */,
				0BBBEE331CFEFADC00C11EEB /* SwiftMockGenTests */,
				0BBB00F41CFF957200FC87C4 /* SwiftMockGen */,
				0BBB00F51CFF957200FC87C4 /* SwiftMockGenTests.xctest */,
			);
			sourceTree = "<group>";
		};
		0B6B72211CFDAF7A00B36635 /* SwiftMockGen */ = {
			isa = PBXGroup;
			children = (
				0BBB00F81CFF99C100FC87C4 /* MockSamples */,
				0BBBEE471CFEFCAC00C11EEB /* main.swift */,
				0BBBEE431CFEFBDC00C11EEB /* CallVerifier.swift */,
				0BBB00F61CFF980000FC87C4 /* Verifiable.swift */,
			);
			path = SwiftMockGen;
			sourceTree = "<group>";
		};
		0BBB00F81CFF99C100FC87C4 /* MockSamples */ = {
			isa = PBXGroup;
			children = (
				0BBB010E1CFFD05C00FC87C4 /* Emailer.swift */,
				0BBB01101CFFD0D700FC87C4 /* Contact.swift */,
				0BBB01131CFFD24100FC87C4 /* WidgetStore.swift */,
			);
			name = MockSamples;
			sourceTree = "<group>";
		};
		0BBB01121CFFD1A900FC87C4 /* SampleTests */ = {
			isa = PBXGroup;
			children = (
			);
			name = SampleTests;
			sourceTree = "<group>";
		};
		0BBBEE331CFEFADC00C11EEB /* SwiftMockGenTests */ = {
			isa = PBXGroup;
			children = (
				0BBB01121CFFD1A900FC87C4 /* SampleTests */,
				0BBBEE3E1CFEFBC100C11EEB /* CallVerifierTests.swift */,
				0BBBEE361CFEFADC00C11EEB /* Info.plist */,
			);
			path = SwiftMockGenTests;
			sourceTree = "<group>";
		};
/* End PBXGroup section */

/* Begin PBXNativeTarget section */
		0B6B721E1CFDAF7A00B36635 /* SwiftMockGen */ = {
			isa = PBXNativeTarget;
			buildConfigurationList = 0B6B72261CFDAF7A00B36635 /* Build configuration list for PBXNativeTarget "SwiftMockGen" */;
			buildPhases = (
				0B6B721B1CFDAF7A00B36635 /* Sources */,
				0B6B721C1CFDAF7A00B36635 /* Frameworks */,
				0B6B721D1CFDAF7A00B36635 /* CopyFiles */,
			);
			buildRules = (
			);
			dependencies = (
			);
			name = SwiftMockGen;
			productName = SwiftMockGen;
			productReference = 0BBB00F41CFF957200FC87C4 /* SwiftMockGen */;
			productType = "com.apple.product-type.tool";
		};
		0BBBEE311CFEFADC00C11EEB /* SwiftMockGenTests */ = {
			isa = PBXNativeTarget;
			buildConfigurationList = 0BBBEE371CFEFADC00C11EEB /* Build configuration list for PBXNativeTarget "SwiftMockGenTests" */;
			buildPhases = (
				0BBBEE2E1CFEFADC00C11EEB /* Sources */,
				0BBBEE2F1CFEFADC00C11EEB /* Frameworks */,
				0BBBEE301CFEFADC00C11EEB /* Resources */,
			);
			buildRules = (
			);
			dependencies = (
			);
			name = SwiftMockGenTests;
			productName = SwiftMockGenTests;
			productReference = 0BBB00F51CFF957200FC87C4 /* SwiftMockGenTests.xctest */;
			productType = "com.apple.product-type.bundle.unit-test";
		};
/* End PBXNativeTarget section */

/* Begin PBXProject section */
		0B6B72171CFDAF7A00B36635 /* Project object */ = {
			isa = PBXProject;
			attributes = {
				LastSwiftUpdateCheck = 0730;
				LastUpgradeCheck = 0730;
				ORGANIZATIONNAME = "DevFacto Technologies";
				TargetAttributes = {
					0B6B721E1CFDAF7A00B36635 = {
						CreatedOnToolsVersion = 7.3.1;
					};
					0BBBEE311CFEFADC00C11EEB = {
						CreatedOnToolsVersion = 7.3.1;
					};
				};
			};
			buildConfigurationList = 0B6B721A1CFDAF7A00B36635 /* Build configuration list for PBXProject "SwiftMockGen" */;
			compatibilityVersion = "Xcode 6.3";
			developmentRegion = English;
			hasScannedForEncodings = 0;
			knownRegions = (
				en,
			);
			mainGroup = 0B6B72161CFDAF7A00B36635;
			productRefGroup = 0B6B72161CFDAF7A00B36635;
			projectDirPath = "";
			projectRoot = "";
			targets = (
				0B6B721E1CFDAF7A00B36635 /* SwiftMockGen */,
				0BBBEE311CFEFADC00C11EEB /* SwiftMockGenTests */,
			);
		};
/* End PBXProject section */

/* Begin PBXResourcesBuildPhase section */
		0BBBEE301CFEFADC00C11EEB /* Resources */ = {
			isa = PBXResourcesBuildPhase;
			buildActionMask = 2147483647;
			files = (
			);
			runOnlyForDeploymentPostprocessing = 0;
		};
/* End PBXResourcesBuildPhase section */

/* Begin PBXSourcesBuildPhase section */
		0B6B721B1CFDAF7A00B36635 /* Sources */ = {
			isa = PBXSourcesBuildPhase;
			buildActionMask = 2147483647;
			files = (
				0BBBEE461CFEFBDC00C11EEB /* CallVerifier.swift in Sources */,
				0BBB010F1CFFD05C00FC87C4 /* Emailer.swift in Sources */,
				0BBB01111CFFD0D700FC87C4 /* Contact.swift in Sources */,
				0BBB01141CFFD24100FC87C4 /* WidgetStore.swift in Sources */,
				0BBB00F71CFF980000FC87C4 /* Verifiable.swift in Sources */,
				0BBBEE481CFEFCAC00C11EEB /* main.swift in Sources */,
			);
			runOnlyForDeploymentPostprocessing = 0;
		};
		0BBBEE2E1CFEFADC00C11EEB /* Sources */ = {
			isa = PBXSourcesBuildPhase;
			buildActionMask = 2147483647;
			files = (
				0BBBEE491CFF013A00C11EEB /* main.swift in Sources */,
				0BBBEE4C1CFF013A00C11EEB /* CallVerifier.swift in Sources */,
				0BBBEE3F1CFEFBC100C11EEB /* CallVerifierTests.swift in Sources */,
			);
			runOnlyForDeploymentPostprocessing = 0;
		};
/* End PBXSourcesBuildPhase section */

/* Begin XCBuildConfiguration section */
		0B6B72241CFDAF7A00B36635 /* Debug */ = {
			isa = XCBuildConfiguration;
			buildSettings = {
				ALWAYS_SEARCH_USER_PATHS = NO;
				CLANG_ANALYZER_NONNULL = YES;
				CLANG_CXX_LANGUAGE_STANDARD = "gnu++0x";
				CLANG_CXX_LIBRARY = "libc++";
				CLANG_ENABLE_MODULES = YES;
				CLANG_ENABLE_OBJC_ARC = YES;
				CLANG_WARN_BOOL_CONVERSION = YES;
				CLANG_WARN_CONSTANT_CONVERSION = YES;
				CLANG_WARN_DIRECT_OBJC_ISA_USAGE = YES_ERROR;
				CLANG_WARN_EMPTY_BODY = YES;
				CLANG_WARN_ENUM_CONVERSION = YES;
				CLANG_WARN_INT_CONVERSION = YES;
				CLANG_WARN_OBJC_ROOT_CLASS = YES_ERROR;
				CLANG_WARN_UNREACHABLE_CODE = YES;
				CLANG_WARN__DUPLICATE_METHOD_MATCH = YES;
				CODE_SIGN_IDENTITY = "-";
				COPY_PHASE_STRIP = NO;
				DEBUG_INFORMATION_FORMAT = dwarf;
				ENABLE_STRICT_OBJC_MSGSEND = YES;
				ENABLE_TESTABILITY = YES;
				GCC_C_LANGUAGE_STANDARD = gnu99;
				GCC_DYNAMIC_NO_PIC = NO;
				GCC_NO_COMMON_BLOCKS = YES;
				GCC_OPTIMIZATION_LEVEL = 0;
				GCC_PREPROCESSOR_DEFINITIONS = (
					"DEBUG=1",
					"$(inherited)",
				);
				GCC_WARN_64_TO_32_BIT_CONVERSION = YES;
				GCC_WARN_ABOUT_RETURN_TYPE = YES_ERROR;
				GCC_WARN_UNDECLARED_SELECTOR = YES;
				GCC_WARN_UNINITIALIZED_AUTOS = YES_AGGRESSIVE;
				GCC_WARN_UNUSED_FUNCTION = YES;
				GCC_WARN_UNUSED_VARIABLE = YES;
				MACOSX_DEPLOYMENT_TARGET = 10.11;
				MTL_ENABLE_DEBUG_INFO = YES;
				ONLY_ACTIVE_ARCH = YES;
				SDKROOT = macosx;
				SWIFT_OPTIMIZATION_LEVEL = "-Onone";
			};
			name = Debug;
		};
		0B6B72251CFDAF7A00B36635 /* Release */ = {
			isa = XCBuildConfiguration;
			buildSettings = {
				ALWAYS_SEARCH_USER_PATHS = NO;
				CLANG_ANALYZER_NONNULL = YES;
				CLANG_CXX_LANGUAGE_STANDARD = "gnu++0x";
				CLANG_CXX_LIBRARY = "libc++";
				CLANG_ENABLE_MODULES = YES;
				CLANG_ENABLE_OBJC_ARC = YES;
				CLANG_WARN_BOOL_CONVERSION = YES;
				CLANG_WARN_CONSTANT_CONVERSION = YES;
				CLANG_WARN_DIRECT_OBJC_ISA_USAGE = YES_ERROR;
				CLANG_WARN_EMPTY_BODY = YES;
				CLANG_WARN_ENUM_CONVERSION = YES;
				CLANG_WARN_INT_CONVERSION = YES;
				CLANG_WARN_OBJC_ROOT_CLASS = YES_ERROR;
				CLANG_WARN_UNREACHABLE_CODE = YES;
				CLANG_WARN__DUPLICATE_METHOD_MATCH = YES;
				CODE_SIGN_IDENTITY = "-";
				COPY_PHASE_STRIP = NO;
				DEBUG_INFORMATION_FORMAT = "dwarf-with-dsym";
				ENABLE_NS_ASSERTIONS = NO;
				ENABLE_STRICT_OBJC_MSGSEND = YES;
				GCC_C_LANGUAGE_STANDARD = gnu99;
				GCC_NO_COMMON_BLOCKS = YES;
				GCC_WARN_64_TO_32_BIT_CONVERSION = YES;
				GCC_WARN_ABOUT_RETURN_TYPE = YES_ERROR;
				GCC_WARN_UNDECLARED_SELECTOR = YES;
				GCC_WARN_UNINITIALIZED_AUTOS = YES_AGGRESSIVE;
				GCC_WARN_UNUSED_FUNCTION = YES;
				GCC_WARN_UNUSED_VARIABLE = YES;
				MACOSX_DEPLOYMENT_TARGET = 10.11;
				MTL_ENABLE_DEBUG_INFO = NO;
				SDKROOT = macosx;
			};
			name = Release;
		};
		0B6B72271CFDAF7A00B36635 /* Debug */ = {
			isa = XCBuildConfiguration;
			buildSettings = {
				CLANG_ENABLE_MODULES = YES;
				LD_RUNPATH_SEARCH_PATHS = "$(inherited) @executable_path/../Frameworks @loader_path/../Frameworks";
				PRODUCT_NAME = "$(TARGET_NAME)";
				SWIFT_OPTIMIZATION_LEVEL = "-Onone";
			};
			name = Debug;
		};
		0B6B72281CFDAF7A00B36635 /* Release */ = {
			isa = XCBuildConfiguration;
			buildSettings = {
				CLANG_ENABLE_MODULES = YES;
				LD_RUNPATH_SEARCH_PATHS = "$(inherited) @executable_path/../Frameworks @loader_path/../Frameworks";
				PRODUCT_NAME = "$(TARGET_NAME)";
			};
			name = Release;
		};
		0BBBEE381CFEFADC00C11EEB /* Debug */ = {
			isa = XCBuildConfiguration;
			buildSettings = {
				CLANG_ENABLE_MODULES = YES;
				COMBINE_HIDPI_IMAGES = YES;
				INFOPLIST_FILE = SwiftMockGenTests/Info.plist;
				LD_RUNPATH_SEARCH_PATHS = "$(inherited) @executable_path/../Frameworks @loader_path/../Frameworks";
				PRODUCT_BUNDLE_IDENTIFIER = com.devfacto.SwiftMockGenTests;
				PRODUCT_NAME = "$(TARGET_NAME)";
				SWIFT_OPTIMIZATION_LEVEL = "-Onone";
			};
			name = Debug;
		};
		0BBBEE391CFEFADC00C11EEB /* Release */ = {
			isa = XCBuildConfiguration;
			buildSettings = {
				CLANG_ENABLE_MODULES = YES;
				COMBINE_HIDPI_IMAGES = YES;
				INFOPLIST_FILE = SwiftMockGenTests/Info.plist;
				LD_RUNPATH_SEARCH_PATHS = "$(inherited) @executable_path/../Frameworks @loader_path/../Frameworks";
				PRODUCT_BUNDLE_IDENTIFIER = com.devfacto.SwiftMockGenTests;
				PRODUCT_NAME = "$(TARGET_NAME)";
			};
			name = Release;
		};
/* End XCBuildConfiguration section */

/* Begin XCConfigurationList section */
		0B6B721A1CFDAF7A00B36635 /* Build configuration list for PBXProject "SwiftMockGen" */ = {
			isa = XCConfigurationList;
			buildConfigurations = (
				0B6B72241CFDAF7A00B36635 /* Debug */,
				0B6B72251CFDAF7A00B36635 /* Release */,
			);
			defaultConfigurationIsVisible = 0;
			defaultConfigurationName = Release;
		};
		0B6B72261CFDAF7A00B36635 /* Build configuration list for PBXNativeTarget "SwiftMockGen" */ = {
			isa = XCConfigurationList;
			buildConfigurations = (
				0B6B72271CFDAF7A00B36635 /* Debug */,
				0B6B72281CFDAF7A00B36635 /* Release */,
			);
			defaultConfigurationIsVisible = 0;
			defaultConfigurationName = Release;
		};
		0BBBEE371CFEFADC00C11EEB /* Build configuration list for PBXNativeTarget "SwiftMockGenTests" */ = {
			isa = XCConfigurationList;
			buildConfigurations = (
				0BBBEE381CFEFADC00C11EEB /* Debug */,
				0BBBEE391CFEFADC00C11EEB /* Release */,
			);
			defaultConfigurationIsVisible = 0;
			defaultConfigurationName = Release;
		};
/* End XCConfigurationList section */
	};
	rootObject = 0B6B72171CFDAF7A00B36635 /* Project object */;
}
